{
  "name": "ng-whiteboard-complex",
  "version": "0.0.1",
  "lockfileVersion": 1,
  "requires": true,
  "dependencies": {
    "ngx-colors": {
      "version": "2.10.2",
      "resolved": "https://registry.npmmirror.com/ngx-colors/-/ngx-colors-2.10.2.tgz",
      "integrity": "sha512-pkpMXn070f++DJ2w5tp3giN/WJ98X+Y3D/9T6IO05FJtwLEsRkOJOJ4zduT9jSj0JzlLDGl8zj56vuWiFv1vUw==",
      "requires": {
        "tslib": "^2.0.0"
      }
    },
    "tslib": {
      "version": "2.6.2",
      "resolved": "https://registry.npmmirror.com/tslib/-/tslib-2.6.2.tgz",
      "integrity": "sha512-AEYxH93jGFPn/a2iVAwW87VuUIkR1FVUKB77NwMF7nBTDkDrrT/Hpt/IrCJ0QXhW27jTBDcf5ZY7w6RiqTMw2Q=="
    }
  }
}
